
Microsoft Visual Studio Solution File, Format Version 12.00
# Visual Studio Version 16
VisualStudioVersion = 16.0.29613.14
MinimumVisualStudioVersion = 10.0.40219.1
Project("{FAE04EC0-301F-11D3-BF4B-00C04F79EFBC}") = "Taxi.Common", "Taxi.Common\Taxi.Common.csproj", "{52AB2A58-D51E-4FD5-B8DD-5B93ED64C4BD}"
EndProject
Project("{FAE04EC0-301F-11D3-BF4B-00C04F79EFBC}") = "Taxi.Web", "Taxi.Web\Taxi.Web.csproj", "{CAFC15B7-584E-40F1-A076-EE83A4415B3F}"
EndProject
Project("{FAE04EC0-301F-11D3-BF4B-00C04F79EFBC}") = "Taxi.Prism", "Taxi.Prism\Taxi.Prism\Taxi.Prism.csproj", "{1EB69E62-88DC-4460-947E-6DCC1545E264}"
EndProject
Project("{FAE04EC0-301F-11D3-BF4B-00C04F79EFBC}") = "Taxi.Prism.Android", "Taxi.Prism\Taxi.Prism.Android\Taxi.Prism.Android.csproj", "{C7664DCF-E641-4803-AC9B-F8E4EE1181BF}"
EndProject
Project("{FAE04EC0-301F-11D3-BF4B-00C04F79EFBC}") = "Taxi.Prism.iOS", "Taxi.Prism\Taxi.Prism.iOS\Taxi.Prism.iOS.csproj", "{62E832DD-E5CC-4F5C-A188-016DD515CA81}"
EndProject
Project("{FAE04EC0-301F-11D3-BF4B-00C04F79EFBC}") = "Taxi.Cross.Android", "Taxi.Cross.Android\Taxi.Cross.Android.csproj", "{1E597E23-3255-4AB2-B99D-1E91C4CAC91C}"
EndProject
Project("{FAE04EC0-301F-11D3-BF4B-00C04F79EFBC}") = "Taxi.Cross.iOS", "Taxi.Cross.iOS\Taxi.Cross.iOS.csproj", "{E4844AD9-E327-4469-B4DD-BED92DAE6EB3}"
EndProject
Global
	GlobalSection(SolutionConfigurationPlatforms) = preSolution
		Ad-Hoc|Any CPU = Ad-Hoc|Any CPU
		Ad-Hoc|iPhone = Ad-Hoc|iPhone
		Ad-Hoc|iPhoneSimulator = Ad-Hoc|iPhoneSimulator
		AppStore|Any CPU = AppStore|Any CPU
		AppStore|iPhone = AppStore|iPhone
		AppStore|iPhoneSimulator = AppStore|iPhoneSimulator
		Debug|Any CPU = Debug|Any CPU
		Debug|iPhone = Debug|iPhone
		Debug|iPhoneSimulator = Debug|iPhoneSimulator
		Release|Any CPU = Release|Any CPU
		Release|iPhone = Release|iPhone
		Release|iPhoneSimulator = Release|iPhoneSimulator
	EndGlobalSection
	GlobalSection(ProjectConfigurationPlatforms) = postSolution
		{52AB2A58-D51E-4FD5-B8DD-5B93ED64C4BD}.Ad-Hoc|Any CPU.ActiveCfg = Debug|Any CPU
		{52AB2A58-D51E-4FD5-B8DD-5B93ED64C4BD}.Ad-Hoc|Any CPU.Build.0 = Debug|Any CPU
		{52AB2A58-D51E-4FD5-B8DD-5B93ED64C4BD}.Ad-Hoc|iPhone.ActiveCfg = Debug|Any CPU
		{52AB2A58-D51E-4FD5-B8DD-5B93ED64C4BD}.Ad-Hoc|iPhone.Build.0 = Debug|Any CPU
		{52AB2A58-D51E-4FD5-B8DD-5B93ED64C4BD}.Ad-Hoc|iPhoneSimulator.ActiveCfg = Debug|Any CPU
		{52AB2A58-D51E-4FD5-B8DD-5B93ED64C4BD}.Ad-Hoc|iPhoneSimulator.Build.0 = Debug|Any CPU
		{52AB2A58-D51E-4FD5-B8DD-5B93ED64C4BD}.AppStore|Any CPU.ActiveCfg = Debug|Any CPU
		{52AB2A58-D51E-4FD5-B8DD-5B93ED64C4BD}.AppStore|Any CPU.Build.0 = Debug|Any CPU
		{52AB2A58-D51E-4FD5-B8DD-5B93ED64C4BD}.AppStore|iPhone.ActiveCfg = Debug|Any CPU
		{52AB2A58-D51E-4FD5-B8DD-5B93ED64C4BD}.AppStore|iPhone.Build.0 = Debug|Any CPU
		{52AB2A58-D51E-4FD5-B8DD-5B93ED64C4BD}.AppStore|iPhoneSimulator.ActiveCfg = Debug|Any CPU
		{52AB2A58-D51E-4FD5-B8DD-5B93ED64C4BD}.AppStore|iPhoneSimulator.Build.0 = Debug|Any CPU
		{52AB2A58-D51E-4FD5-B8DD-5B93ED64C4BD}.Debug|Any CPU.ActiveCfg = Debug|Any CPU
		{52AB2A58-D51E-4FD5-B8DD-5B93ED64C4BD}.Debug|Any CPU.Build.0 = Debug|Any CPU
		{52AB2A58-D51E-4FD5-B8DD-5B93ED64C4BD}.Debug|iPhone.ActiveCfg = Debug|Any CPU
		{52AB2A58-D51E-4FD5-B8DD-5B93ED64C4BD}.Debug|iPhone.Build.0 = Debug|Any CPU
		{52AB2A58-D51E-4FD5-B8DD-5B93ED64C4BD}.Debug|iPhoneSimulator.ActiveCfg = Debug|Any CPU
		{52AB2A58-D51E-4FD5-B8DD-5B93ED64C4BD}.Debug|iPhoneSimulator.Build.0 = Debug|Any CPU
		{52AB2A58-D51E-4FD5-B8DD-5B93ED64C4BD}.Release|Any CPU.ActiveCfg = Release|Any CPU
		{52AB2A58-D51E-4FD5-B8DD-5B93ED64C4BD}.Release|Any CPU.Build.0 = Release|Any CPU
		{52AB2A58-D51E-4FD5-B8DD-5B93ED64C4BD}.Release|iPhone.ActiveCfg = Release|Any CPU
		{52AB2A58-D51E-4FD5-B8DD-5B93ED64C4BD}.Release|iPhone.Build.0 = Release|Any CPU
		{52AB2A58-D51E-4FD5-B8DD-5B93ED64C4BD}.Release|iPhoneSimulator.ActiveCfg = Release|Any CPU
		{52AB2A58-D51E-4FD5-B8DD-5B93ED64C4BD}.Release|iPhoneSimulator.Build.0 = Release|Any CPU
		{CAFC15B7-584E-40F1-A076-EE83A4415B3F}.Ad-Hoc|Any CPU.ActiveCfg = Debug|Any CPU
		{CAFC15B7-584E-40F1-A076-EE83A4415B3F}.Ad-Hoc|Any CPU.Build.0 = Debug|Any CPU
		{CAFC15B7-584E-40F1-A076-EE83A4415B3F}.Ad-Hoc|iPhone.ActiveCfg = Debug|Any CPU
		{CAFC15B7-584E-40F1-A076-EE83A4415B3F}.Ad-Hoc|iPhone.Build.0 = Debug|Any CPU
		{CAFC15B7-584E-40F1-A076-EE83A4415B3F}.Ad-Hoc|iPhoneSimulator.ActiveCfg = Debug|Any CPU
		{CAFC15B7-584E-40F1-A076-EE83A4415B3F}.Ad-Hoc|iPhoneSimulator.Build.0 = Debug|Any CPU
		{CAFC15B7-584E-40F1-A076-EE83A4415B3F}.AppStore|Any CPU.ActiveCfg = Debug|Any CPU
		{CAFC15B7-584E-40F1-A076-EE83A4415B3F}.AppStore|Any CPU.Build.0 = Debug|Any CPU
		{CAFC15B7-584E-40F1-A076-EE83A4415B3F}.AppStore|iPhone.ActiveCfg = Debug|Any CPU
		{CAFC15B7-584E-40F1-A076-EE83A4415B3F}.AppStore|iPhone.Build.0 = Debug|Any CPU
		{CAFC15B7-584E-40F1-A076-EE83A4415B3F}.AppStore|iPhoneSimulator.ActiveCfg = Debug|Any CPU
		{CAFC15B7-584E-40F1-A076-EE83A4415B3F}.AppStore|iPhoneSimulator.Build.0 = Debug|Any CPU
		{CAFC15B7-584E-40F1-A076-EE83A4415B3F}.Debug|Any CPU.ActiveCfg = Debug|Any CPU
		{CAFC15B7-584E-40F1-A076-EE83A4415B3F}.Debug|Any CPU.Build.0 = Debug|Any CPU
		{CAFC15B7-584E-40F1-A076-EE83A4415B3F}.Debug|iPhone.ActiveCfg = Debug|Any CPU
		{CAFC15B7-584E-40F1-A076-EE83A4415B3F}.Debug|iPhone.Build.0 = Debug|Any CPU
		{CAFC15B7-584E-40F1-A076-EE83A4415B3F}.Debug|iPhoneSimulator.ActiveCfg = Debug|Any CPU
		{CAFC15B7-584E-40F1-A076-EE83A4415B3F}.Debug|iPhoneSimulator.Build.0 = Debug|Any CPU
		{CAFC15B7-584E-40F1-A076-EE83A4415B3F}.Release|Any CPU.ActiveCfg = Release|Any CPU
		{CAFC15B7-584E-40F1-A076-EE83A4415B3F}.Release|Any CPU.Build.0 = Release|Any CPU
		{CAFC15B7-584E-40F1-A076-EE83A4415B3F}.Release|iPhone.ActiveCfg = Release|Any CPU
		{CAFC15B7-584E-40F1-A076-EE83A4415B3F}.Release|iPhone.Build.0 = Release|Any CPU
		{CAFC15B7-584E-40F1-A076-EE83A4415B3F}.Release|iPhoneSimulator.ActiveCfg = Release|Any CPU
		{CAFC15B7-584E-40F1-A076-EE83A4415B3F}.Release|iPhoneSimulator.Build.0 = Release|Any CPU
		{1EB69E62-88DC-4460-947E-6DCC1545E264}.Ad-Hoc|Any CPU.ActiveCfg = Debug|Any CPU
		{1EB69E62-88DC-4460-947E-6DCC1545E264}.Ad-Hoc|Any CPU.Build.0 = Debug|Any CPU
		{1EB69E62-88DC-4460-947E-6DCC1545E264}.Ad-Hoc|iPhone.ActiveCfg = Debug|Any CPU
		{1EB69E62-88DC-4460-947E-6DCC1545E264}.Ad-Hoc|iPhone.Build.0 = Debug|Any CPU
		{1EB69E62-88DC-4460-947E-6DCC1545E264}.Ad-Hoc|iPhoneSimulator.ActiveCfg = Debug|Any CPU
		{1EB69E62-88DC-4460-947E-6DCC1545E264}.Ad-Hoc|iPhoneSimulator.Build.0 = Debug|Any CPU
		{1EB69E62-88DC-4460-947E-6DCC1545E264}.AppStore|Any CPU.ActiveCfg = Debug|Any CPU
		{1EB69E62-88DC-4460-947E-6DCC1545E264}.AppStore|Any CPU.Build.0 = Debug|Any CPU
		{1EB69E62-88DC-4460-947E-6DCC1545E264}.AppStore|iPhone.ActiveCfg = Debug|Any CPU
		{1EB69E62-88DC-4460-947E-6DCC1545E264}.AppStore|iPhone.Build.0 = Debug|Any CPU
		{1EB69E62-88DC-4460-947E-6DCC1545E264}.AppStore|iPhoneSimulator.ActiveCfg = Debug|Any CPU
		{1EB69E62-88DC-4460-947E-6DCC1545E264}.AppStore|iPhoneSimulator.Build.0 = Debug|Any CPU
		{1EB69E62-88DC-4460-947E-6DCC1545E264}.Debug|Any CPU.ActiveCfg = Debug|Any CPU
		{1EB69E62-88DC-4460-947E-6DCC1545E264}.Debug|Any CPU.Build.0 = Debug|Any CPU
		{1EB69E62-88DC-4460-947E-6DCC1545E264}.Debug|iPhone.ActiveCfg = Debug|Any CPU
		{1EB69E62-88DC-4460-947E-6DCC1545E264}.Debug|iPhone.Build.0 = Debug|Any CPU
		{1EB69E62-88DC-4460-947E-6DCC1545E264}.Debug|iPhoneSimulator.ActiveCfg = Debug|Any CPU
		{1EB69E62-88DC-4460-947E-6DCC1545E264}.Debug|iPhoneSimulator.Build.0 = Debug|Any CPU
		{1EB69E62-88DC-4460-947E-6DCC1545E264}.Release|Any CPU.ActiveCfg = Release|Any CPU
		{1EB69E62-88DC-4460-947E-6DCC1545E264}.Release|Any CPU.Build.0 = Release|Any CPU
		{1EB69E62-88DC-4460-947E-6DCC1545E264}.Release|iPhone.ActiveCfg = Release|Any CPU
		{1EB69E62-88DC-4460-947E-6DCC1545E264}.Release|iPhone.Build.0 = Release|Any CPU
		{1EB69E62-88DC-4460-947E-6DCC1545E264}.Release|iPhoneSimulator.ActiveCfg = Release|Any CPU
		{1EB69E62-88DC-4460-947E-6DCC1545E264}.Release|iPhoneSimulator.Build.0 = Release|Any CPU
		{C7664DCF-E641-4803-AC9B-F8E4EE1181BF}.Ad-Hoc|Any CPU.ActiveCfg = Release|Any CPU
		{C7664DCF-E641-4803-AC9B-F8E4EE1181BF}.Ad-Hoc|Any CPU.Build.0 = Release|Any CPU
		{C7664DCF-E641-4803-AC9B-F8E4EE1181BF}.Ad-Hoc|Any CPU.Deploy.0 = Release|Any CPU
		{C7664DCF-E641-4803-AC9B-F8E4EE1181BF}.Ad-Hoc|iPhone.ActiveCfg = Release|Any CPU
		{C7664DCF-E641-4803-AC9B-F8E4EE1181BF}.Ad-Hoc|iPhone.Build.0 = Release|Any CPU
		{C7664DCF-E641-4803-AC9B-F8E4EE1181BF}.Ad-Hoc|iPhone.Deploy.0 = Release|Any CPU
		{C7664DCF-E641-4803-AC9B-F8E4EE1181BF}.Ad-Hoc|iPhoneSimulator.ActiveCfg = Release|Any CPU
		{C7664DCF-E641-4803-AC9B-F8E4EE1181BF}.Ad-Hoc|iPhoneSimulator.Build.0 = Release|Any CPU
		{C7664DCF-E641-4803-AC9B-F8E4EE1181BF}.Ad-Hoc|iPhoneSimulator.Deploy.0 = Release|Any CPU
		{C7664DCF-E641-4803-AC9B-F8E4EE1181BF}.AppStore|Any CPU.ActiveCfg = Release|Any CPU
		{C7664DCF-E641-4803-AC9B-F8E4EE1181BF}.AppStore|Any CPU.Build.0 = Release|Any CPU
		{C7664DCF-E641-4803-AC9B-F8E4EE1181BF}.AppStore|Any CPU.Deploy.0 = Release|Any CPU
		{C7664DCF-E641-4803-AC9B-F8E4EE1181BF}.AppStore|iPhone.ActiveCfg = Release|Any CPU
		{C7664DCF-E641-4803-AC9B-F8E4EE1181BF}.AppStore|iPhone.Build.0 = Release|Any CPU
		{C7664DCF-E641-4803-AC9B-F8E4EE1181BF}.AppStore|iPhone.Deploy.0 = Release|Any CPU
		{C7664DCF-E641-4803-AC9B-F8E4EE1181BF}.AppStore|iPhoneSimulator.ActiveCfg = Release|Any CPU
		{C7664DCF-E641-4803-AC9B-F8E4EE1181BF}.AppStore|iPhoneSimulator.Build.0 = Release|Any CPU
		{C7664DCF-E641-4803-AC9B-F8E4EE1181BF}.AppStore|iPhoneSimulator.Deploy.0 = Release|Any CPU
		{C7664DCF-E641-4803-AC9B-F8E4EE1181BF}.Debug|Any CPU.ActiveCfg = Debug|Any CPU
		{C7664DCF-E641-4803-AC9B-F8E4EE1181BF}.Debug|Any CPU.Build.0 = Debug|Any CPU
		{C7664DCF-E641-4803-AC9B-F8E4EE1181BF}.Debug|Any CPU.Deploy.0 = Debug|Any CPU
		{C7664DCF-E641-4803-AC9B-F8E4EE1181BF}.Debug|iPhone.ActiveCfg = Debug|Any CPU
		{C7664DCF-E641-4803-AC9B-F8E4EE1181BF}.Debug|iPhone.Build.0 = Debug|Any CPU
		{C7664DCF-E641-4803-AC9B-F8E4EE1181BF}.Debug|iPhone.Deploy.0 = Debug|Any CPU
		{C7664DCF-E641-4803-AC9B-F8E4EE1181BF}.Debug|iPhoneSimulator.ActiveCfg = Debug|Any CPU
		{C7664DCF-E641-4803-AC9B-F8E4EE1181BF}.Debug|iPhoneSimulator.Build.0 = Debug|Any CPU
		{C7664DCF-E641-4803-AC9B-F8E4EE1181BF}.Debug|iPhoneSimulator.Deploy.0 = Debug|Any CPU
		{C7664DCF-E641-4803-AC9B-F8E4EE1181BF}.Release|Any CPU.ActiveCfg = Release|Any CPU
		{C7664DCF-E641-4803-AC9B-F8E4EE1181BF}.Release|Any CPU.Build.0 = Release|Any CPU
		{C7664DCF-E641-4803-AC9B-F8E4EE1181BF}.Release|Any CPU.Deploy.0 = Release|Any CPU
		{C7664DCF-E641-4803-AC9B-F8E4EE1181BF}.Release|iPhone.ActiveCfg = Release|Any CPU
		{C7664DCF-E641-4803-AC9B-F8E4EE1181BF}.Release|iPhone.Build.0 = Release|Any CPU
		{C7664DCF-E641-4803-AC9B-F8E4EE1181BF}.Release|iPhone.Deploy.0 = Release|Any CPU
		{C7664DCF-E641-4803-AC9B-F8E4EE1181BF}.Release|iPhoneSimulator.ActiveCfg = Release|Any CPU
		{C7664DCF-E641-4803-AC9B-F8E4EE1181BF}.Release|iPhoneSimulator.Build.0 = Release|Any CPU
		{C7664DCF-E641-4803-AC9B-F8E4EE1181BF}.Release|iPhoneSimulator.Deploy.0 = Release|Any CPU
		{62E832DD-E5CC-4F5C-A188-016DD515CA81}.Ad-Hoc|Any CPU.ActiveCfg = Ad-Hoc|iPhone
		{62E832DD-E5CC-4F5C-A188-016DD515CA81}.Ad-Hoc|iPhone.ActiveCfg = Ad-Hoc|iPhone
		{62E832DD-E5CC-4F5C-A188-016DD515CA81}.Ad-Hoc|iPhone.Build.0 = Ad-Hoc|iPhone
		{62E832DD-E5CC-4F5C-A188-016DD515CA81}.Ad-Hoc|iPhoneSimulator.ActiveCfg = Ad-Hoc|iPhoneSimulator
		{62E832DD-E5CC-4F5C-A188-016DD515CA81}.Ad-Hoc|iPhoneSimulator.Build.0 = Ad-Hoc|iPhoneSimulator
		{62E832DD-E5CC-4F5C-A188-016DD515CA81}.AppStore|Any CPU.ActiveCfg = AppStore|iPhone
		{62E832DD-E5CC-4F5C-A188-016DD515CA81}.AppStore|iPhone.ActiveCfg = AppStore|iPhone
		{62E832DD-E5CC-4F5C-A188-016DD515CA81}.AppStore|iPhone.Build.0 = AppStore|iPhone
		{62E832DD-E5CC-4F5C-A188-016DD515CA81}.AppStore|iPhoneSimulator.ActiveCfg = AppStore|iPhoneSimulator
		{62E832DD-E5CC-4F5C-A188-016DD515CA81}.AppStore|iPhoneSimulator.Build.0 = AppStore|iPhoneSimulator
		{62E832DD-E5CC-4F5C-A188-016DD515CA81}.Debug|Any CPU.ActiveCfg = Debug|iPhone
		{62E832DD-E5CC-4F5C-A188-016DD515CA81}.Debug|iPhone.ActiveCfg = Debug|iPhone
		{62E832DD-E5CC-4F5C-A188-016DD515CA81}.Debug|iPhone.Build.0 = Debug|iPhone
		{62E832DD-E5CC-4F5C-A188-016DD515CA81}.Debug|iPhoneSimulator.ActiveCfg = Debug|iPhoneSimulator
		{62E832DD-E5CC-4F5C-A188-016DD515CA81}.Debug|iPhoneSimulator.Build.0 = Debug|iPhoneSimulator
		{62E832DD-E5CC-4F5C-A188-016DD515CA81}.Release|Any CPU.ActiveCfg = Release|iPhone
		{62E832DD-E5CC-4F5C-A188-016DD515CA81}.Release|iPhone.ActiveCfg = Release|iPhone
		{62E832DD-E5CC-4F5C-A188-016DD515CA81}.Release|iPhone.Build.0 = Release|iPhone
		{62E832DD-E5CC-4F5C-A188-016DD515CA81}.Release|iPhoneSimulator.ActiveCfg = Release|iPhoneSimulator
		{62E832DD-E5CC-4F5C-A188-016DD515CA81}.Release|iPhoneSimulator.Build.0 = Release|iPhoneSimulator
		{1E597E23-3255-4AB2-B99D-1E91C4CAC91C}.Ad-Hoc|Any CPU.ActiveCfg = Release|Any CPU
		{1E597E23-3255-4AB2-B99D-1E91C4CAC91C}.Ad-Hoc|Any CPU.Build.0 = Release|Any CPU
		{1E597E23-3255-4AB2-B99D-1E91C4CAC91C}.Ad-Hoc|Any CPU.Deploy.0 = Release|Any CPU
		{1E597E23-3255-4AB2-B99D-1E91C4CAC91C}.Ad-Hoc|iPhone.ActiveCfg = Release|Any CPU
		{1E597E23-3255-4AB2-B99D-1E91C4CAC91C}.Ad-Hoc|iPhone.Build.0 = Release|Any CPU
		{1E597E23-3255-4AB2-B99D-1E91C4CAC91C}.Ad-Hoc|iPhone.Deploy.0 = Release|Any CPU
		{1E597E23-3255-4AB2-B99D-1E91C4CAC91C}.Ad-Hoc|iPhoneSimulator.ActiveCfg = Release|Any CPU
		{1E597E23-3255-4AB2-B99D-1E91C4CAC91C}.Ad-Hoc|iPhoneSimulator.Build.0 = Release|Any CPU
		{1E597E23-3255-4AB2-B99D-1E91C4CAC91C}.Ad-Hoc|iPhoneSimulator.Deploy.0 = Release|Any CPU
		{1E597E23-3255-4AB2-B99D-1E91C4CAC91C}.AppStore|Any CPU.ActiveCfg = Release|Any CPU
		{1E597E23-3255-4AB2-B99D-1E91C4CAC91C}.AppStore|Any CPU.Build.0 = Release|Any CPU
		{1E597E23-3255-4AB2-B99D-1E91C4CAC91C}.AppStore|Any CPU.Deploy.0 = Release|Any CPU
		{1E597E23-3255-4AB2-B99D-1E91C4CAC91C}.AppStore|iPhone.ActiveCfg = Release|Any CPU
		{1E597E23-3255-4AB2-B99D-1E91C4CAC91C}.AppStore|iPhone.Build.0 = Release|Any CPU
		{1E597E23-3255-4AB2-B99D-1E91C4CAC91C}.AppStore|iPhone.Deploy.0 = Release|Any CPU
		{1E597E23-3255-4AB2-B99D-1E91C4CAC91C}.AppStore|iPhoneSimulator.ActiveCfg = Release|Any CPU
		{1E597E23-3255-4AB2-B99D-1E91C4CAC91C}.AppStore|iPhoneSimulator.Build.0 = Release|Any CPU
		{1E597E23-3255-4AB2-B99D-1E91C4CAC91C}.AppStore|iPhoneSimulator.Deploy.0 = Release|Any CPU
		{1E597E23-3255-4AB2-B99D-1E91C4CAC91C}.Debug|Any CPU.ActiveCfg = Debug|Any CPU
		{1E597E23-3255-4AB2-B99D-1E91C4CAC91C}.Debug|Any CPU.Build.0 = Debug|Any CPU
		{1E597E23-3255-4AB2-B99D-1E91C4CAC91C}.Debug|Any CPU.Deploy.0 = Debug|Any CPU
		{1E597E23-3255-4AB2-B99D-1E91C4CAC91C}.Debug|iPhone.ActiveCfg = Debug|Any CPU
		{1E597E23-3255-4AB2-B99D-1E91C4CAC91C}.Debug|iPhone.Build.0 = Debug|Any CPU
		{1E597E23-3255-4AB2-B99D-1E91C4CAC91C}.Debug|iPhone.Deploy.0 = Debug|Any CPU
		{1E597E23-3255-4AB2-B99D-1E91C4CAC91C}.Debug|iPhoneSimulator.ActiveCfg = Debug|Any CPU
		{1E597E23-3255-4AB2-B99D-1E91C4CAC91C}.Debug|iPhoneSimulator.Build.0 = Debug|Any CPU
		{1E597E23-3255-4AB2-B99D-1E91C4CAC91C}.Debug|iPhoneSimulator.Deploy.0 = Debug|Any CPU
		{1E597E23-3255-4AB2-B99D-1E91C4CAC91C}.Release|Any CPU.ActiveCfg = Release|Any CPU
		{1E597E23-3255-4AB2-B99D-1E91C4CAC91C}.Release|Any CPU.Build.0 = Release|Any CPU
		{1E597E23-3255-4AB2-B99D-1E91C4CAC91C}.Release|Any CPU.Deploy.0 = Release|Any CPU
		{1E597E23-3255-4AB2-B99D-1E91C4CAC91C}.Release|iPhone.ActiveCfg = Release|Any CPU
		{1E597E23-3255-4AB2-B99D-1E91C4CAC91C}.Release|iPhone.Build.0 = Release|Any CPU
		{1E597E23-3255-4AB2-B99D-1E91C4CAC91C}.Release|iPhone.Deploy.0 = Release|Any CPU
		{1E597E23-3255-4AB2-B99D-1E91C4CAC91C}.Release|iPhoneSimulator.ActiveCfg = Release|Any CPU
		{1E597E23-3255-4AB2-B99D-1E91C4CAC91C}.Release|iPhoneSimulator.Build.0 = Release|Any CPU
		{1E597E23-3255-4AB2-B99D-1E91C4CAC91C}.Release|iPhoneSimulator.Deploy.0 = Release|Any CPU
		{E4844AD9-E327-4469-B4DD-BED92DAE6EB3}.Ad-Hoc|Any CPU.ActiveCfg = Release|iPhone
		{E4844AD9-E327-4469-B4DD-BED92DAE6EB3}.Ad-Hoc|Any CPU.Build.0 = Release|iPhone
		{E4844AD9-E327-4469-B4DD-BED92DAE6EB3}.Ad-Hoc|iPhone.ActiveCfg = Release|iPhone
		{E4844AD9-E327-4469-B4DD-BED92DAE6EB3}.Ad-Hoc|iPhone.Build.0 = Release|iPhone
		{E4844AD9-E327-4469-B4DD-BED92DAE6EB3}.Ad-Hoc|iPhoneSimulator.ActiveCfg = Release|iPhoneSimulator
		{E4844AD9-E327-4469-B4DD-BED92DAE6EB3}.Ad-Hoc|iPhoneSimulator.Build.0 = Release|iPhoneSimulator
		{E4844AD9-E327-4469-B4DD-BED92DAE6EB3}.AppStore|Any CPU.ActiveCfg = Release|iPhone
		{E4844AD9-E327-4469-B4DD-BED92DAE6EB3}.AppStore|Any CPU.Build.0 = Release|iPhone
		{E4844AD9-E327-4469-B4DD-BED92DAE6EB3}.AppStore|iPhone.ActiveCfg = Release|iPhone
		{E4844AD9-E327-4469-B4DD-BED92DAE6EB3}.AppStore|iPhone.Build.0 = Release|iPhone
		{E4844AD9-E327-4469-B4DD-BED92DAE6EB3}.AppStore|iPhoneSimulator.ActiveCfg = Release|iPhoneSimulator
		{E4844AD9-E327-4469-B4DD-BED92DAE6EB3}.AppStore|iPhoneSimulator.Build.0 = Release|iPhoneSimulator
		{E4844AD9-E327-4469-B4DD-BED92DAE6EB3}.Debug|Any CPU.ActiveCfg = Debug|iPhone
		{E4844AD9-E327-4469-B4DD-BED92DAE6EB3}.Debug|iPhone.ActiveCfg = Debug|iPhone
		{E4844AD9-E327-4469-B4DD-BED92DAE6EB3}.Debug|iPhone.Build.0 = Debug|iPhone
		{E4844AD9-E327-4469-B4DD-BED92DAE6EB3}.Debug|iPhoneSimulator.ActiveCfg = Debug|iPhoneSimulator
		{E4844AD9-E327-4469-B4DD-BED92DAE6EB3}.Debug|iPhoneSimulator.Build.0 = Debug|iPhoneSimulator
		{E4844AD9-E327-4469-B4DD-BED92DAE6EB3}.Release|Any CPU.ActiveCfg = Release|iPhone
		{E4844AD9-E327-4469-B4DD-BED92DAE6EB3}.Release|iPhone.ActiveCfg = Release|iPhone
		{E4844AD9-E327-4469-B4DD-BED92DAE6EB3}.Release|iPhone.Build.0 = Release|iPhone
		{E4844AD9-E327-4469-B4DD-BED92DAE6EB3}.Release|iPhoneSimulator.ActiveCfg = Release|iPhoneSimulator
		{E4844AD9-E327-4469-B4DD-BED92DAE6EB3}.Release|iPhoneSimulator.Build.0 = Release|iPhoneSimulator
	EndGlobalSection
	GlobalSection(SolutionProperties) = preSolution
		HideSolutionNode = FALSE
	EndGlobalSection
	GlobalSection(ExtensibilityGlobals) = postSolution
		SolutionGuid = {5825CC76-354B-4FD8-875A-F59FF7C747D3}
	EndGlobalSection
EndGlobal
